
Microsoft Visual Studio Solution File, Format Version 12.00
# Visual Studio Version 17
VisualStudioVersion = 17.10.34916.146
MinimumVisualStudioVersion = 10.0.40219.1
Project("{9A19103F-16F7-4668-BE54-9A1E7A4F7556}") = "ClinicSoftwareAPI", "ClinicSoftwareAPI\ClinicSoftwareAPI.csproj", "{4BDF38A2-BF70-40BB-AE36-13FDE9A8DD8B}"
EndProject
Project("{9A19103F-16F7-4668-BE54-9A1E7A4F7556}") = "ClinicSoftware.Application", "ClinicSoftware.Application\ClinicSoftware.Application.csproj", "{807241A1-3C61-45C0-A94C-BB20825C76B6}"
EndProject
Project("{9A19103F-16F7-4668-BE54-9A1E7A4F7556}") = "ClinicSoftware.Infrastructure", "ClinicSoftware.Infrastructure\ClinicSoftware.Infrastructure.csproj", "{EA73AFEA-B3F6-424B-8796-CA458DB411E6}"
EndProject
Project("{9A19103F-16F7-4668-BE54-9A1E7A4F7556}") = "ClinicSoftware.CrossCutting", "ClinicSoftware.CrossCutting\ClinicSoftware.CrossCutting.csproj", "{23A86C79-94C3-4405-BBA8-6083F764535C}"
EndProject
Project("{9A19103F-16F7-4668-BE54-9A1E7A4F7556}") = "ClinicSoftware.Domain", "ClinicSoftware.Domain\ClinicSoftware.Domain.csproj", "{67CEA933-C216-44F7-B677-9B667B2F405F}"
EndProject
Global
	GlobalSection(SolutionConfigurationPlatforms) = preSolution
		Debug|Any CPU = Debug|Any CPU
		Release|Any CPU = Release|Any CPU
	EndGlobalSection
	GlobalSection(ProjectConfigurationPlatforms) = postSolution
		{4BDF38A2-BF70-40BB-AE36-13FDE9A8DD8B}.Debug|Any CPU.ActiveCfg = Debug|Any CPU
		{4BDF38A2-BF70-40BB-AE36-13FDE9A8DD8B}.Debug|Any CPU.Build.0 = Debug|Any CPU
		{4BDF38A2-BF70-40BB-AE36-13FDE9A8DD8B}.Release|Any CPU.ActiveCfg = Release|Any CPU
		{4BDF38A2-BF70-40BB-AE36-13FDE9A8DD8B}.Release|Any CPU.Build.0 = Release|Any CPU
		{807241A1-3C61-45C0-A94C-BB20825C76B6}.Debug|Any CPU.ActiveCfg = Debug|Any CPU
		{807241A1-3C61-45C0-A94C-BB20825C76B6}.Debug|Any CPU.Build.0 = Debug|Any CPU
		{807241A1-3C61-45C0-A94C-BB20825C76B6}.Release|Any CPU.ActiveCfg = Release|Any CPU
		{807241A1-3C61-45C0-A94C-BB20825C76B6}.Release|Any CPU.Build.0 = Release|Any CPU
		{EA73AFEA-B3F6-424B-8796-CA458DB411E6}.Debug|Any CPU.ActiveCfg = Debug|Any CPU
		{EA73AFEA-B3F6-424B-8796-CA458DB411E6}.Debug|Any CPU.Build.0 = Debug|Any CPU
		{EA73AFEA-B3F6-424B-8796-CA458DB411E6}.Release|Any CPU.ActiveCfg = Release|Any CPU
		{EA73AFEA-B3F6-424B-8796-CA458DB411E6}.Release|Any CPU.Build.0 = Release|Any CPU
		{23A86C79-94C3-4405-BBA8-6083F764535C}.Debug|Any CPU.ActiveCfg = Debug|Any CPU
		{23A86C79-94C3-4405-BBA8-6083F764535C}.Debug|Any CPU.Build.0 = Debug|Any CPU
		{23A86C79-94C3-4405-BBA8-6083F764535C}.Release|Any CPU.ActiveCfg = Release|Any CPU
		{23A86C79-94C3-4405-BBA8-6083F764535C}.Release|Any CPU.Build.0 = Release|Any CPU
		{67CEA933-C216-44F7-B677-9B667B2F405F}.Debug|Any CPU.ActiveCfg = Debug|Any CPU
		{67CEA933-C216-44F7-B677-9B667B2F405F}.Debug|Any CPU.Build.0 = Debug|Any CPU
		{67CEA933-C216-44F7-B677-9B667B2F405F}.Release|Any CPU.ActiveCfg = Release|Any CPU
		{67CEA933-C216-44F7-B677-9B667B2F405F}.Release|Any CPU.Build.0 = Release|Any CPU
	EndGlobalSection
	GlobalSection(SolutionProperties) = preSolution
		HideSolutionNode = FALSE
	EndGlobalSection
	GlobalSection(ExtensibilityGlobals) = postSolution
		SolutionGuid = {CB1D1C31-5745-4574-B6D5-BBF0D2C0EC0D}
	EndGlobalSection
EndGlobal
